
Microsoft Visual Studio Solution File, Format Version 12.00
# Visual Studio Version 16
VisualStudioVersion = 16.0.31019.35
MinimumVisualStudioVersion = 10.0.40219.1
Project("{9A19103F-16F7-4668-BE54-9A1E7A4F7556}") = "FBCalzado", "FBCalzado\FBCalzado.csproj", "{22A737D8-4E65-40CE-8743-105A04BBB476}"
EndProject
Global
	GlobalSection(SolutionConfigurationPlatforms) = preSolution
		Debug|Any CPU = Debug|Any CPU
		Release|Any CPU = Release|Any CPU
	EndGlobalSection
	GlobalSection(ProjectConfigurationPlatforms) = postSolution
		{22A737D8-4E65-40CE-8743-105A04BBB476}.Debug|Any CPU.ActiveCfg = Debug|Any CPU
		{22A737D8-4E65-40CE-8743-105A04BBB476}.Debug|Any CPU.Build.0 = Debug|Any CPU
		{22A737D8-4E65-40CE-8743-105A04BBB476}.Release|Any CPU.ActiveCfg = Release|Any CPU
		{22A737D8-4E65-40CE-8743-105A04BBB476}.Release|Any CPU.Build.0 = Release|Any CPU
	EndGlobalSection
	GlobalSection(SolutionProperties) = preSolution
		HideSolutionNode = FALSE
	EndGlobalSection
	GlobalSection(ExtensibilityGlobals) = postSolution
		SolutionGuid = {5ABFBD31-B6A4-4FDD-B1A3-59C9F09CEFF6}
	EndGlobalSection
EndGlobal
